// !$*UTF8*$!
{
	archiveVersion = 1;
	classes = {
	};
	objectVersion = 56;
	objects = {

/* Begin PBXBuildFile section */
		EC1907ED299C25FA0011A21F /* IsometricSample.swift in Sources */ = {isa = PBXBuildFile; fileRef = EC1907EC299C25FA0011A21F /* IsometricSample.swift */; };
		EC2D46282996D13F004C9BC0 /* PageView.swift in Sources */ = {isa = PBXBuildFile; fileRef = EC2D46272996D13F004C9BC0 /* PageView.swift */; };
		EC2D462A2996D16D004C9BC0 /* IntroSample.swift in Sources */ = {isa = PBXBuildFile; fileRef = EC2D46292996D16D004C9BC0 /* IntroSample.swift */; };
		EC2D462E2996D27B004C9BC0 /* URL+IO.swift in Sources */ = {isa = PBXBuildFile; fileRef = EC2D462D2996D27B004C9BC0 /* URL+IO.swift */; };
		EC2D46302996FB15004C9BC0 /* StandardLighting.swift in Sources */ = {isa = PBXBuildFile; fileRef = EC2D462F2996FB15004C9BC0 /* StandardLighting.swift */; };
		EC6ADF852993089B0035E09A /* IntroApp.swift in Sources */ = {isa = PBXBuildFile; fileRef = EC6ADF842993089B0035E09A /* IntroApp.swift */; };
		EC8F3CFA29AD443000566BC1 /* PBRSample.swift in Sources */ = {isa = PBXBuildFile; fileRef = EC8F3CF929AD443000566BC1 /* PBRSample.swift */; };
		EC8F3D0129AD460D00566BC1 /* RedPlastic.usdz in Resources */ = {isa = PBXBuildFile; fileRef = EC8F3CFC29AD460D00566BC1 /* RedPlastic.usdz */; };
		EC8F3D0229AD460D00566BC1 /* Concrete.usdz in Resources */ = {isa = PBXBuildFile; fileRef = EC8F3CFD29AD460D00566BC1 /* Concrete.usdz */; };
		EC8F3D0329AD460D00566BC1 /* RoughMetal.usdz in Resources */ = {isa = PBXBuildFile; fileRef = EC8F3CFE29AD460D00566BC1 /* RoughMetal.usdz */; };
		EC8F3D0429AD460D00566BC1 /* BlueTile.usdz in Resources */ = {isa = PBXBuildFile; fileRef = EC8F3CFF29AD460D00566BC1 /* BlueTile.usdz */; };
		EC8F3D0629AD4A8A00566BC1 /* MetalTiles.usdz in Resources */ = {isa = PBXBuildFile; fileRef = EC8F3D0529AD4A8A00566BC1 /* MetalTiles.usdz */; };
		ECAD987029930C4E00B20F52 /* Swift3D in Frameworks */ = {isa = PBXBuildFile; productRef = ECAD986F29930C4E00B20F52 /* Swift3D */; };
		ECAD987C2993138300B20F52 /* Textures.xcassets in Resources */ = {isa = PBXBuildFile; fileRef = ECAD987B2993138300B20F52 /* Textures.xcassets */; };
		ECAD987F2993138D00B20F52 /* ContentView.swift in Sources */ = {isa = PBXBuildFile; fileRef = ECAD987D2993138D00B20F52 /* ContentView.swift */; };
		ECAD98802993138D00B20F52 /* TouchCamera.swift in Sources */ = {isa = PBXBuildFile; fileRef = ECAD987E2993138D00B20F52 /* TouchCamera.swift */; };
		ECB1CFBA299D9C0000EFCF44 /* ShapesSample.swift in Sources */ = {isa = PBXBuildFile; fileRef = ECB1CFB9299D9C0000EFCF44 /* ShapesSample.swift */; };
		ECB1CFBC299DAA6D00EFCF44 /* IntroAnimationSample.swift in Sources */ = {isa = PBXBuildFile; fileRef = ECB1CFBB299DAA6D00EFCF44 /* IntroAnimationSample.swift */; };
		ECB1CFBE299EE2C100EFCF44 /* Spring.swift in Sources */ = {isa = PBXBuildFile; fileRef = ECB1CFBD299EE2C100EFCF44 /* Spring.swift */; };
		ECB1CFC229A3D57600EFCF44 /* CowSample.swift in Sources */ = {isa = PBXBuildFile; fileRef = ECB1CFC129A3D57600EFCF44 /* CowSample.swift */; };
		ECB78EBA29BBB97400774E33 /* SeatsSample.swift in Sources */ = {isa = PBXBuildFile; fileRef = ECB78EB929BBB97400774E33 /* SeatsSample.swift */; };
		ECED42A829A956520003FF6C /* Motion.swift in Sources */ = {isa = PBXBuildFile; fileRef = ECED42A729A956520003FF6C /* Motion.swift */; };
		ECED42B229A963240003FF6C /* spot_texture.png in Resources */ = {isa = PBXBuildFile; fileRef = ECED42AA29A963240003FF6C /* spot_texture.png */; };
		ECED42B329A963240003FF6C /* spot_texture.svg in Resources */ = {isa = PBXBuildFile; fileRef = ECED42AB29A963240003FF6C /* spot_texture.svg */; };
		ECED42B429A963240003FF6C /* spot_triangulated.mtl in Resources */ = {isa = PBXBuildFile; fileRef = ECED42AC29A963240003FF6C /* spot_triangulated.mtl */; };
		ECED42B529A963240003FF6C /* spot_quadrangulated.obj in Resources */ = {isa = PBXBuildFile; fileRef = ECED42AD29A963240003FF6C /* spot_quadrangulated.obj */; };
		ECED42B629A963240003FF6C /* spot_material.mtl in Resources */ = {isa = PBXBuildFile; fileRef = ECED42AE29A963240003FF6C /* spot_material.mtl */; };
		ECED42B729A963240003FF6C /* spot_control_mesh.obj in Resources */ = {isa = PBXBuildFile; fileRef = ECED42AF29A963240003FF6C /* spot_control_mesh.obj */; };
		ECED42B829A963240003FF6C /* spot_triangulated.obj in Resources */ = {isa = PBXBuildFile; fileRef = ECED42B029A963240003FF6C /* spot_triangulated.obj */; };
		ECED42B929A963240003FF6C /* README.txt in Resources */ = {isa = PBXBuildFile; fileRef = ECED42B129A963240003FF6C /* README.txt */; };
		ECED42BB29A965940003FF6C /* CodeModifier.swift in Sources */ = {isa = PBXBuildFile; fileRef = ECED42BA29A965940003FF6C /* CodeModifier.swift */; };
		ECFB0DF92995A4A700687251 /* Baseball.usdz in Resources */ = {isa = PBXBuildFile; fileRef = ECFB0DF82995A4A700687251 /* Baseball.usdz */; };
		ECFB0DFD2995A78B00687251 /* title.obj in Resources */ = {isa = PBXBuildFile; fileRef = ECFB0DFC2995A78B00687251 /* title.obj */; };
/* End PBXBuildFile section */

/* Begin PBXFileReference section */
		EC1907EC299C25FA0011A21F /* IsometricSample.swift */ = {isa = PBXFileReference; lastKnownFileType = sourcecode.swift; path = IsometricSample.swift; sourceTree = "<group>"; };
		EC2D46272996D13F004C9BC0 /* PageView.swift */ = {isa = PBXFileReference; lastKnownFileType = sourcecode.swift; path = PageView.swift; sourceTree = "<group>"; };
		EC2D46292996D16D004C9BC0 /* IntroSample.swift */ = {isa = PBXFileReference; lastKnownFileType = sourcecode.swift; path = IntroSample.swift; sourceTree = "<group>"; };
		EC2D462D2996D27B004C9BC0 /* URL+IO.swift */ = {isa = PBXFileReference; lastKnownFileType = sourcecode.swift; path = "URL+IO.swift"; sourceTree = "<group>"; };
		EC2D462F2996FB15004C9BC0 /* StandardLighting.swift */ = {isa = PBXFileReference; lastKnownFileType = sourcecode.swift; path = StandardLighting.swift; sourceTree = "<group>"; };
		EC6ADF812993089B0035E09A /* Demo.app */ = {isa = PBXFileReference; explicitFileType = wrapper.application; includeInIndex = 0; path = Demo.app; sourceTree = BUILT_PRODUCTS_DIR; };
		EC6ADF842993089B0035E09A /* IntroApp.swift */ = {isa = PBXFileReference; lastKnownFileType = sourcecode.swift; path = IntroApp.swift; sourceTree = "<group>"; };
		EC6ADF93299308D80035E09A /* Swift3D */ = {isa = PBXFileReference; lastKnownFileType = wrapper; name = Swift3D; path = ../Swift3D; sourceTree = "<group>"; };
		EC8F3CF929AD443000566BC1 /* PBRSample.swift */ = {isa = PBXFileReference; lastKnownFileType = sourcecode.swift; path = PBRSample.swift; sourceTree = "<group>"; };
		EC8F3CFC29AD460D00566BC1 /* RedPlastic.usdz */ = {isa = PBXFileReference; lastKnownFileType = file.usdz; path = RedPlastic.usdz; sourceTree = "<group>"; };
		EC8F3CFD29AD460D00566BC1 /* Concrete.usdz */ = {isa = PBXFileReference; lastKnownFileType = file.usdz; path = Concrete.usdz; sourceTree = "<group>"; };
		EC8F3CFE29AD460D00566BC1 /* RoughMetal.usdz */ = {isa = PBXFileReference; lastKnownFileType = file.usdz; path = RoughMetal.usdz; sourceTree = "<group>"; };
		EC8F3CFF29AD460D00566BC1 /* BlueTile.usdz */ = {isa = PBXFileReference; lastKnownFileType = file.usdz; path = BlueTile.usdz; sourceTree = "<group>"; };
		EC8F3D0529AD4A8A00566BC1 /* MetalTiles.usdz */ = {isa = PBXFileReference; lastKnownFileType = file.usdz; path = MetalTiles.usdz; sourceTree = "<group>"; };
		ECAD986D29930C4800B20F52 /* Info.plist */ = {isa = PBXFileReference; lastKnownFileType = text.plist.xml; path = Info.plist; sourceTree = "<group>"; };
		ECAD987B2993138300B20F52 /* Textures.xcassets */ = {isa = PBXFileReference; lastKnownFileType = folder.assetcatalog; path = Textures.xcassets; sourceTree = "<group>"; };
		ECAD987D2993138D00B20F52 /* ContentView.swift */ = {isa = PBXFileReference; fileEncoding = 4; lastKnownFileType = sourcecode.swift; path = ContentView.swift; sourceTree = "<group>"; };
		ECAD987E2993138D00B20F52 /* TouchCamera.swift */ = {isa = PBXFileReference; fileEncoding = 4; lastKnownFileType = sourcecode.swift; path = TouchCamera.swift; sourceTree = "<group>"; };
		ECB1CFB9299D9C0000EFCF44 /* ShapesSample.swift */ = {isa = PBXFileReference; lastKnownFileType = sourcecode.swift; path = ShapesSample.swift; sourceTree = "<group>"; };
		ECB1CFBB299DAA6D00EFCF44 /* IntroAnimationSample.swift */ = {isa = PBXFileReference; lastKnownFileType = sourcecode.swift; path = IntroAnimationSample.swift; sourceTree = "<group>"; };
		ECB1CFBD299EE2C100EFCF44 /* Spring.swift */ = {isa = PBXFileReference; lastKnownFileType = sourcecode.swift; path = Spring.swift; sourceTree = "<group>"; };
		ECB1CFC129A3D57600EFCF44 /* CowSample.swift */ = {isa = PBXFileReference; lastKnownFileType = sourcecode.swift; path = CowSample.swift; sourceTree = "<group>"; };
		ECB78EB929BBB97400774E33 /* SeatsSample.swift */ = {isa = PBXFileReference; lastKnownFileType = sourcecode.swift; path = SeatsSample.swift; sourceTree = "<group>"; };
		ECED42A729A956520003FF6C /* Motion.swift */ = {isa = PBXFileReference; lastKnownFileType = sourcecode.swift; path = Motion.swift; sourceTree = "<group>"; };
		ECED42AA29A963240003FF6C /* spot_texture.png */ = {isa = PBXFileReference; lastKnownFileType = image.png; path = spot_texture.png; sourceTree = "<group>"; };
		ECED42AB29A963240003FF6C /* spot_texture.svg */ = {isa = PBXFileReference; fileEncoding = 4; lastKnownFileType = text.xml; path = spot_texture.svg; sourceTree = "<group>"; };
		ECED42AC29A963240003FF6C /* spot_triangulated.mtl */ = {isa = PBXFileReference; fileEncoding = 4; lastKnownFileType = text; path = spot_triangulated.mtl; sourceTree = "<group>"; };
		ECED42AD29A963240003FF6C /* spot_quadrangulated.obj */ = {isa = PBXFileReference; fileEncoding = 4; lastKnownFileType = text; path = spot_quadrangulated.obj; sourceTree = "<group>"; };
		ECED42AE29A963240003FF6C /* spot_material.mtl */ = {isa = PBXFileReference; fileEncoding = 4; lastKnownFileType = text; path = spot_material.mtl; sourceTree = "<group>"; };
		ECED42AF29A963240003FF6C /* spot_control_mesh.obj */ = {isa = PBXFileReference; fileEncoding = 4; lastKnownFileType = text; path = spot_control_mesh.obj; sourceTree = "<group>"; };
		ECED42B029A963240003FF6C /* spot_triangulated.obj */ = {isa = PBXFileReference; fileEncoding = 4; lastKnownFileType = text; path = spot_triangulated.obj; sourceTree = "<group>"; };
		ECED42B129A963240003FF6C /* README.txt */ = {isa = PBXFileReference; fileEncoding = 4; lastKnownFileType = text; path = README.txt; sourceTree = "<group>"; };
		ECED42BA29A965940003FF6C /* CodeModifier.swift */ = {isa = PBXFileReference; lastKnownFileType = sourcecode.swift; path = CodeModifier.swift; sourceTree = "<group>"; };
		ECFB0DF82995A4A700687251 /* Baseball.usdz */ = {isa = PBXFileReference; lastKnownFileType = file.usdz; path = Baseball.usdz; sourceTree = "<group>"; };
		ECFB0DFC2995A78B00687251 /* title.obj */ = {isa = PBXFileReference; fileEncoding = 4; lastKnownFileType = text; path = title.obj; sourceTree = "<group>"; };
/* End PBXFileReference section */

/* Begin PBXFrameworksBuildPhase section */
		EC6ADF7E2993089B0035E09A /* Frameworks */ = {
			isa = PBXFrameworksBuildPhase;
			buildActionMask = 2147483647;
			files = (
				ECAD987029930C4E00B20F52 /* Swift3D in Frameworks */,
			);
			runOnlyForDeploymentPostprocessing = 0;
		};
/* End PBXFrameworksBuildPhase section */

/* Begin PBXGroup section */
		EC2D46262996D10C004C9BC0 /* Samples */ = {
			isa = PBXGroup;
			children = (
				ECED42A629A956180003FF6C /* Controls */,
				EC2D462C2996D270004C9BC0 /* Extensions */,
				ECAD98812993139D00B20F52 /* Models */,
				EC1907EC299C25FA0011A21F /* IsometricSample.swift */,
				EC2D46292996D16D004C9BC0 /* IntroSample.swift */,
				ECB1CFB9299D9C0000EFCF44 /* ShapesSample.swift */,
				ECB1CFBB299DAA6D00EFCF44 /* IntroAnimationSample.swift */,
				ECB1CFC129A3D57600EFCF44 /* CowSample.swift */,
				EC8F3CF929AD443000566BC1 /* PBRSample.swift */,
				ECB78EB929BBB97400774E33 /* SeatsSample.swift */,
			);
			path = Samples;
			sourceTree = "<group>";
		};
		EC2D462C2996D270004C9BC0 /* Extensions */ = {
			isa = PBXGroup;
			children = (
				EC2D462D2996D27B004C9BC0 /* URL+IO.swift */,
				ECED42BA29A965940003FF6C /* CodeModifier.swift */,
			);
			path = Extensions;
			sourceTree = "<group>";
		};
		EC6ADF782993089B0035E09A = {
			isa = PBXGroup;
			children = (
				EC6ADF92299308D80035E09A /* Packages */,
				EC6ADF832993089B0035E09A /* Demo */,
				EC6ADF822993089B0035E09A /* Products */,
				ECAD986E29930C4E00B20F52 /* Frameworks */,
			);
			sourceTree = "<group>";
		};
		EC6ADF822993089B0035E09A /* Products */ = {
			isa = PBXGroup;
			children = (
				EC6ADF812993089B0035E09A /* Demo.app */,
			);
			name = Products;
			sourceTree = "<group>";
		};
		EC6ADF832993089B0035E09A /* Demo */ = {
			isa = PBXGroup;
			children = (
				EC2D46262996D10C004C9BC0 /* Samples */,
				EC2D46272996D13F004C9BC0 /* PageView.swift */,
				ECAD987D2993138D00B20F52 /* ContentView.swift */,
				EC6ADF842993089B0035E09A /* IntroApp.swift */,
				ECAD986D29930C4800B20F52 /* Info.plist */,
				EC6ADF8A2993089C0035E09A /* Resources */,
			);
			path = Demo;
			sourceTree = "<group>";
		};
		EC6ADF8A2993089C0035E09A /* Resources */ = {
			isa = PBXGroup;
			children = (
				ECAD987B2993138300B20F52 /* Textures.xcassets */,
			);
			path = Resources;
			sourceTree = "<group>";
		};
		EC6ADF92299308D80035E09A /* Packages */ = {
			isa = PBXGroup;
			children = (
				EC6ADF93299308D80035E09A /* Swift3D */,
			);
			name = Packages;
			sourceTree = "<group>";
		};
		ECAD986E29930C4E00B20F52 /* Frameworks */ = {
			isa = PBXGroup;
			children = (
			);
			name = Frameworks;
			sourceTree = "<group>";
		};
		ECAD98812993139D00B20F52 /* Models */ = {
			isa = PBXGroup;
			children = (
				EC8F3CFF29AD460D00566BC1 /* BlueTile.usdz */,
				EC8F3CFD29AD460D00566BC1 /* Concrete.usdz */,
				EC8F3D0529AD4A8A00566BC1 /* MetalTiles.usdz */,
				EC8F3CFC29AD460D00566BC1 /* RedPlastic.usdz */,
				EC8F3CFE29AD460D00566BC1 /* RoughMetal.usdz */,
				ECED42A929A963240003FF6C /* spot */,
				ECFB0DFC2995A78B00687251 /* title.obj */,
				ECFB0DF82995A4A700687251 /* Baseball.usdz */,
			);
			path = Models;
			sourceTree = "<group>";
		};
		ECED42A629A956180003FF6C /* Controls */ = {
			isa = PBXGroup;
			children = (
				EC2D462F2996FB15004C9BC0 /* StandardLighting.swift */,
				ECB1CFBD299EE2C100EFCF44 /* Spring.swift */,
				ECAD987E2993138D00B20F52 /* TouchCamera.swift */,
				ECED42A729A956520003FF6C /* Motion.swift */,
			);
			path = Controls;
			sourceTree = "<group>";
		};
		ECED42A929A963240003FF6C /* spot */ = {
			isa = PBXGroup;
			children = (
				ECED42AA29A963240003FF6C /* spot_texture.png */,
				ECED42AB29A963240003FF6C /* spot_texture.svg */,
				ECED42AC29A963240003FF6C /* spot_triangulated.mtl */,
				ECED42AD29A963240003FF6C /* spot_quadrangulated.obj */,
				ECED42AE29A963240003FF6C /* spot_material.mtl */,
				ECED42AF29A963240003FF6C /* spot_control_mesh.obj */,
				ECED42B029A963240003FF6C /* spot_triangulated.obj */,
				ECED42B129A963240003FF6C /* README.txt */,
			);
			path = spot;
			sourceTree = "<group>";
		};
/* End PBXGroup section */

/* Begin PBXNativeTarget section */
		EC6ADF802993089B0035E09A /* Demo */ = {
			isa = PBXNativeTarget;
			buildConfigurationList = EC6ADF8F2993089C0035E09A /* Build configuration list for PBXNativeTarget "Demo" */;
			buildPhases = (
				EC6ADF7D2993089B0035E09A /* Sources */,
				EC6ADF7E2993089B0035E09A /* Frameworks */,
				EC6ADF7F2993089B0035E09A /* Resources */,
			);
			buildRules = (
			);
			dependencies = (
			);
			name = Demo;
			packageProductDependencies = (
				ECAD986F29930C4E00B20F52 /* Swift3D */,
			);
			productName = Intro;
			productReference = EC6ADF812993089B0035E09A /* Demo.app */;
			productType = "com.apple.product-type.application";
		};
/* End PBXNativeTarget section */

/* Begin PBXProject section */
		EC6ADF792993089B0035E09A /* Project object */ = {
			isa = PBXProject;
			attributes = {
				BuildIndependentTargetsInParallel = 1;
				LastSwiftUpdateCheck = 1420;
				LastUpgradeCheck = 1420;
				TargetAttributes = {
					EC6ADF802993089B0035E09A = {
						CreatedOnToolsVersion = 14.2;
					};
				};
			};
			buildConfigurationList = EC6ADF7C2993089B0035E09A /* Build configuration list for PBXProject "Demo" */;
			compatibilityVersion = "Xcode 14.0";
			developmentRegion = en;
			hasScannedForEncodings = 0;
			knownRegions = (
				en,
				Base,
			);
			mainGroup = EC6ADF782993089B0035E09A;
			productRefGroup = EC6ADF822993089B0035E09A /* Products */;
			projectDirPath = "";
			projectRoot = "";
			targets = (
				EC6ADF802993089B0035E09A /* Demo */,
			);
		};
/* End PBXProject section */

/* Begin PBXResourcesBuildPhase section */
		EC6ADF7F2993089B0035E09A /* Resources */ = {
			isa = PBXResourcesBuildPhase;
			buildActionMask = 2147483647;
			files = (
				ECFB0DF92995A4A700687251 /* Baseball.usdz in Resources */,
				ECED42B529A963240003FF6C /* spot_quadrangulated.obj in Resources */,
				ECAD987C2993138300B20F52 /* Textures.xcassets in Resources */,
				ECED42B429A963240003FF6C /* spot_triangulated.mtl in Resources */,
				ECED42B929A963240003FF6C /* README.txt in Resources */,
				ECED42B729A963240003FF6C /* spot_control_mesh.obj in Resources */,
				EC8F3D0429AD460D00566BC1 /* BlueTile.usdz in Resources */,
				EC8F3D0629AD4A8A00566BC1 /* MetalTiles.usdz in Resources */,
				ECED42B329A963240003FF6C /* spot_texture.svg in Resources */,
				ECED42B229A963240003FF6C /* spot_texture.png in Resources */,
				ECFB0DFD2995A78B00687251 /* title.obj in Resources */,
				ECED42B829A963240003FF6C /* spot_triangulated.obj in Resources */,
				ECED42B629A963240003FF6C /* spot_material.mtl in Resources */,
				EC8F3D0229AD460D00566BC1 /* Concrete.usdz in Resources */,
				EC8F3D0329AD460D00566BC1 /* RoughMetal.usdz in Resources */,
				EC8F3D0129AD460D00566BC1 /* RedPlastic.usdz in Resources */,
			);
			runOnlyForDeploymentPostprocessing = 0;
		};
/* End PBXResourcesBuildPhase section */

/* Begin PBXSourcesBuildPhase section */
		EC6ADF7D2993089B0035E09A /* Sources */ = {
			isa = PBXSourcesBuildPhase;
			buildActionMask = 2147483647;
			files = (
				ECAD987F2993138D00B20F52 /* ContentView.swift in Sources */,
				ECED42BB29A965940003FF6C /* CodeModifier.swift in Sources */,
				ECB1CFBE299EE2C100EFCF44 /* Spring.swift in Sources */,
				ECB1CFBC299DAA6D00EFCF44 /* IntroAnimationSample.swift in Sources */,
				EC1907ED299C25FA0011A21F /* IsometricSample.swift in Sources */,
				ECED42A829A956520003FF6C /* Motion.swift in Sources */,
				EC8F3CFA29AD443000566BC1 /* PBRSample.swift in Sources */,
				EC2D462A2996D16D004C9BC0 /* IntroSample.swift in Sources */,
				EC2D46282996D13F004C9BC0 /* PageView.swift in Sources */,
				ECAD98802993138D00B20F52 /* TouchCamera.swift in Sources */,
				EC6ADF852993089B0035E09A /* IntroApp.swift in Sources */,
				ECB1CFC229A3D57600EFCF44 /* CowSample.swift in Sources */,
				EC2D46302996FB15004C9BC0 /* StandardLighting.swift in Sources */,
				EC2D462E2996D27B004C9BC0 /* URL+IO.swift in Sources */,
				ECB78EBA29BBB97400774E33 /* SeatsSample.swift in Sources */,
				ECB1CFBA299D9C0000EFCF44 /* ShapesSample.swift in Sources */,
			);
			runOnlyForDeploymentPostprocessing = 0;
		};
/* End PBXSourcesBuildPhase section */

/* Begin XCBuildConfiguration section */
		EC6ADF8D2993089C0035E09A /* Debug */ = {
			isa = XCBuildConfiguration;
			buildSettings = {
				ALWAYS_SEARCH_USER_PATHS = NO;
				CLANG_ANALYZER_NONNULL = YES;
				CLANG_ANALYZER_NUMBER_OBJECT_CONVERSION = YES_AGGRESSIVE;
				CLANG_CXX_LANGUAGE_STANDARD = "gnu++20";
				CLANG_ENABLE_MODULES = YES;
				CLANG_ENABLE_OBJC_ARC = YES;
				CLANG_ENABLE_OBJC_WEAK = YES;
				CLANG_WARN_BLOCK_CAPTURE_AUTORELEASING = YES;
				CLANG_WARN_BOOL_CONVERSION = YES;
				CLANG_WARN_COMMA = YES;
				CLANG_WARN_CONSTANT_CONVERSION = YES;
				CLANG_WARN_DEPRECATED_OBJC_IMPLEMENTATIONS = YES;
				CLANG_WARN_DIRECT_OBJC_ISA_USAGE = YES_ERROR;
				CLANG_WARN_DOCUMENTATION_COMMENTS = YES;
				CLANG_WARN_EMPTY_BODY = YES;
				CLANG_WARN_ENUM_CONVERSION = YES;
				CLANG_WARN_INFINITE_RECURSION = YES;
				CLANG_WARN_INT_CONVERSION = YES;
				CLANG_WARN_NON_LITERAL_NULL_CONVERSION = YES;
				CLANG_WARN_OBJC_IMPLICIT_RETAIN_SELF = YES;
				CLANG_WARN_OBJC_LITERAL_CONVERSION = YES;
				CLANG_WARN_OBJC_ROOT_CLASS = YES_ERROR;
				CLANG_WARN_QUOTED_INCLUDE_IN_FRAMEWORK_HEADER = YES;
				CLANG_WARN_RANGE_LOOP_ANALYSIS = YES;
				CLANG_WARN_STRICT_PROTOTYPES = YES;
				CLANG_WARN_SUSPICIOUS_MOVE = YES;
				CLANG_WARN_UNGUARDED_AVAILABILITY = YES_AGGRESSIVE;
				CLANG_WARN_UNREACHABLE_CODE = YES;
				CLANG_WARN__DUPLICATE_METHOD_MATCH = YES;
				COPY_PHASE_STRIP = NO;
				DEBUG_INFORMATION_FORMAT = dwarf;
				ENABLE_STRICT_OBJC_MSGSEND = YES;
				ENABLE_TESTABILITY = YES;
				GCC_C_LANGUAGE_STANDARD = gnu11;
				GCC_DYNAMIC_NO_PIC = NO;
				GCC_NO_COMMON_BLOCKS = YES;
				GCC_OPTIMIZATION_LEVEL = 0;
				GCC_PREPROCESSOR_DEFINITIONS = (
					"DEBUG=1",
					"$(inherited)",
				);
				GCC_WARN_64_TO_32_BIT_CONVERSION = YES;
				GCC_WARN_ABOUT_RETURN_TYPE = YES_ERROR;
				GCC_WARN_UNDECLARED_SELECTOR = YES;
				GCC_WARN_UNINITIALIZED_AUTOS = YES_AGGRESSIVE;
				GCC_WARN_UNUSED_FUNCTION = YES;
				GCC_WARN_UNUSED_VARIABLE = YES;
				IPHONEOS_DEPLOYMENT_TARGET = 16.2;
				MTL_ENABLE_DEBUG_INFO = INCLUDE_SOURCE;
				MTL_FAST_MATH = YES;
				ONLY_ACTIVE_ARCH = YES;
				SDKROOT = iphoneos;
				SWIFT_ACTIVE_COMPILATION_CONDITIONS = DEBUG;
				SWIFT_OPTIMIZATION_LEVEL = "-Onone";
			};
			name = Debug;
		};
		EC6ADF8E2993089C0035E09A /* Release */ = {
			isa = XCBuildConfiguration;
			buildSettings = {
				ALWAYS_SEARCH_USER_PATHS = NO;
				CLANG_ANALYZER_NONNULL = YES;
				CLANG_ANALYZER_NUMBER_OBJECT_CONVERSION = YES_AGGRESSIVE;
				CLANG_CXX_LANGUAGE_STANDARD = "gnu++20";
				CLANG_ENABLE_MODULES = YES;
				CLANG_ENABLE_OBJC_ARC = YES;
				CLANG_ENABLE_OBJC_WEAK = YES;
				CLANG_WARN_BLOCK_CAPTURE_AUTORELEASING = YES;
				CLANG_WARN_BOOL_CONVERSION = YES;
				CLANG_WARN_COMMA = YES;
				CLANG_WARN_CONSTANT_CONVERSION = YES;
				CLANG_WARN_DEPRECATED_OBJC_IMPLEMENTATIONS = YES;
				CLANG_WARN_DIRECT_OBJC_ISA_USAGE = YES_ERROR;
				CLANG_WARN_DOCUMENTATION_COMMENTS = YES;
				CLANG_WARN_EMPTY_BODY = YES;
				CLANG_WARN_ENUM_CONVERSION = YES;
				CLANG_WARN_INFINITE_RECURSION = YES;
				CLANG_WARN_INT_CONVERSION = YES;
				CLANG_WARN_NON_LITERAL_NULL_CONVERSION = YES;
				CLANG_WARN_OBJC_IMPLICIT_RETAIN_SELF = YES;
				CLANG_WARN_OBJC_LITERAL_CONVERSION = YES;
				CLANG_WARN_OBJC_ROOT_CLASS = YES_ERROR;
				CLANG_WARN_QUOTED_INCLUDE_IN_FRAMEWORK_HEADER = YES;
				CLANG_WARN_RANGE_LOOP_ANALYSIS = YES;
				CLANG_WARN_STRICT_PROTOTYPES = YES;
				CLANG_WARN_SUSPICIOUS_MOVE = YES;
				CLANG_WARN_UNGUARDED_AVAILABILITY = YES_AGGRESSIVE;
				CLANG_WARN_UNREACHABLE_CODE = YES;
				CLANG_WARN__DUPLICATE_METHOD_MATCH = YES;
				COPY_PHASE_STRIP = NO;
				DEBUG_INFORMATION_FORMAT = "dwarf-with-dsym";
				ENABLE_NS_ASSERTIONS = NO;
				ENABLE_STRICT_OBJC_MSGSEND = YES;
				GCC_C_LANGUAGE_STANDARD = gnu11;
				GCC_NO_COMMON_BLOCKS = YES;
				GCC_WARN_64_TO_32_BIT_CONVERSION = YES;
				GCC_WARN_ABOUT_RETURN_TYPE = YES_ERROR;
				GCC_WARN_UNDECLARED_SELECTOR = YES;
				GCC_WARN_UNINITIALIZED_AUTOS = YES_AGGRESSIVE;
				GCC_WARN_UNUSED_FUNCTION = YES;
				GCC_WARN_UNUSED_VARIABLE = YES;
				IPHONEOS_DEPLOYMENT_TARGET = 16.2;
				MTL_ENABLE_DEBUG_INFO = NO;
				MTL_FAST_MATH = YES;
				SDKROOT = iphoneos;
				SWIFT_COMPILATION_MODE = wholemodule;
				SWIFT_OPTIMIZATION_LEVEL = "-O";
				VALIDATE_PRODUCT = YES;
			};
			name = Release;
		};
		EC6ADF902993089C0035E09A /* Debug */ = {
			isa = XCBuildConfiguration;
			buildSettings = {
				ASSETCATALOG_COMPILER_APPICON_NAME = AppIcon;
				ASSETCATALOG_COMPILER_GLOBAL_ACCENT_COLOR_NAME = AccentColor;
				CODE_SIGN_STYLE = Automatic;
				CURRENT_PROJECT_VERSION = 1;
				DEVELOPMENT_ASSET_PATHS = "";
				DEVELOPMENT_TEAM = NJFHYT352D;
				ENABLE_PREVIEWS = YES;
				GENERATE_INFOPLIST_FILE = YES;
				INFOPLIST_FILE = Demo/Info.plist;
				INFOPLIST_KEY_UIApplicationSceneManifest_Generation = YES;
				INFOPLIST_KEY_UIApplicationSupportsIndirectInputEvents = YES;
				INFOPLIST_KEY_UILaunchScreen_Generation = YES;
				INFOPLIST_KEY_UISupportedInterfaceOrientations = UIInterfaceOrientationPortrait;
				INFOPLIST_KEY_UISupportedInterfaceOrientations_iPad = "UIInterfaceOrientationLandscapeLeft UIInterfaceOrientationLandscapeRight UIInterfaceOrientationPortrait UIInterfaceOrientationPortraitUpsideDown";
				IPHONEOS_DEPLOYMENT_TARGET = 15;
				LD_RUNPATH_SEARCH_PATHS = (
					"$(inherited)",
					"@executable_path/Frameworks",
				);
				MARKETING_VERSION = 1.0;
				PRODUCT_BUNDLE_IDENTIFIER = com.az.Swift3D.Demo;
				PRODUCT_NAME = "$(TARGET_NAME)";
				SUPPORTED_PLATFORMS = "iphoneos iphonesimulator";
				SUPPORTS_MACCATALYST = NO;
				SUPPORTS_MAC_DESIGNED_FOR_IPHONE_IPAD = NO;
				SWIFT_EMIT_LOC_STRINGS = YES;
				SWIFT_VERSION = 5.0;
				TARGETED_DEVICE_FAMILY = 1;
			};
			name = Debug;
		};
		EC6ADF912993089C0035E09A /* Release */ = {
			isa = XCBuildConfiguration;
			buildSettings = {
				ASSETCATALOG_COMPILER_APPICON_NAME = AppIcon;
				ASSETCATALOG_COMPILER_GLOBAL_ACCENT_COLOR_NAME = AccentColor;
				CODE_SIGN_STYLE = Automatic;
				CURRENT_PROJECT_VERSION = 1;
				DEVELOPMENT_ASSET_PATHS = "";
				DEVELOPMENT_TEAM = NJFHYT352D;
				ENABLE_PREVIEWS = YES;
				GENERATE_INFOPLIST_FILE = YES;
				INFOPLIST_FILE = Demo/Info.plist;
				INFOPLIST_KEY_UIApplicationSceneManifest_Generation = YES;
				INFOPLIST_KEY_UIApplicationSupportsIndirectInputEvents = YES;
				INFOPLIST_KEY_UILaunchScreen_Generation = YES;
				INFOPLIST_KEY_UISupportedInterfaceOrientations = UIInterfaceOrientationPortrait;
				INFOPLIST_KEY_UISupportedInterfaceOrientations_iPad = "UIInterfaceOrientationLandscapeLeft UIInterfaceOrientationLandscapeRight UIInterfaceOrientationPortrait UIInterfaceOrientationPortraitUpsideDown";
				IPHONEOS_DEPLOYMENT_TARGET = 15;
				LD_RUNPATH_SEARCH_PATHS = (
					"$(inherited)",
					"@executable_path/Frameworks",
				);
				MARKETING_VERSION = 1.0;
				PRODUCT_BUNDLE_IDENTIFIER = com.az.Swift3D.Demo;
				PRODUCT_NAME = "$(TARGET_NAME)";
				SUPPORTED_PLATFORMS = "iphoneos iphonesimulator";
				SUPPORTS_MACCATALYST = NO;
				SUPPORTS_MAC_DESIGNED_FOR_IPHONE_IPAD = NO;
				SWIFT_EMIT_LOC_STRINGS = YES;
				SWIFT_VERSION = 5.0;
				TARGETED_DEVICE_FAMILY = 1;
			};
			name = Release;
		};
/* End XCBuildConfiguration section */

/* Begin XCConfigurationList section */
		EC6ADF7C2993089B0035E09A /* Build configuration list for PBXProject "Demo" */ = {
			isa = XCConfigurationList;
			buildConfigurations = (
				EC6ADF8D2993089C0035E09A /* Debug */,
				EC6ADF8E2993089C0035E09A /* Release */,
			);
			defaultConfigurationIsVisible = 0;
			defaultConfigurationName = Release;
		};
		EC6ADF8F2993089C0035E09A /* Build configuration list for PBXNativeTarget "Demo" */ = {
			isa = XCConfigurationList;
			buildConfigurations = (
				EC6ADF902993089C0035E09A /* Debug */,
				EC6ADF912993089C0035E09A /* Release */,
			);
			defaultConfigurationIsVisible = 0;
			defaultConfigurationName = Release;
		};
/* End XCConfigurationList section */

/* Begin XCSwiftPackageProductDependency section */
		ECAD986F29930C4E00B20F52 /* Swift3D */ = {
			isa = XCSwiftPackageProductDependency;
			productName = Swift3D;
		};
/* End XCSwiftPackageProductDependency section */
	};
	rootObject = EC6ADF792993089B0035E09A /* Project object */;
}
